github.com/atomic-repos/atomic-repos-hello-world-go v0.0.0-20220313225025-d0bfd568321f h1:o7dIcyqIJX/z2fKkTOmt6KH1zXBqxVmFAG2hYskEdh0=
github.com/atomic-repos/atomic-repos-hello-world-go v0.0.0-20220313225025-d0bfd568321f/go.mod h1:KieYLoVCRGlydI1YCQLLfUkjyX9k3JKleUNNn4LelRA=
github.com/atomic-repos/atomic-repos-hello-world-go v0.0.0-20220313230522-92e317af9584 h1:N3EfWUm3p+ZseQHZZ7kYZq65SSfO2Ey5A+cg6gQJueA=
github.com/atomic-repos/atomic-repos-hello-world-go v0.0.0-20220313230522-92e317af9584/go.mod h1:KieYLoVCRGlydI1YCQLLfUkjyX9k3JKleUNNn4LelRA=
github.com/atomic-repos/atomic-repos-hello-world-java v0.0.0-20220313190819-56c2a4abcf80 h1:X/h7My1qxz5JRfKiT78pz9tmzHQAMqY30M0m2II3lFg=
github.com/atomic-repos/atomic-repos-hello-world-java v0.0.0-20220313190819-56c2a4abcf80/go.mod h1:IcFEqDF4Rri0m64vLFo1ibsZlUnEoLSLFZa/Db7QoS4=
github.com/atomic-repos/atomic-repos-hello-world-rust v0.0.0-20220313192132-8ca77fe516e2 h1:l+HrLhGPBXUK099QfNbcRc0L0TdKthJXbRNIhz1gjAo=
github.com/atomic-repos/atomic-repos-hello-world-rust v0.0.0-20220313192132-8ca77fe516e2/go.mod h1:QKXTIkDCTKbUknXzZXNoYdG4QeI1hNz4CpCdYKFabks=
github.com/atomic-repos/wowchemy-widget-atomic-repos v0.0.0-20220313224950-b8f7025b6ee3 h1:r0mQUUikfKcpLCFQlDX38Qsqc5sZIc5NxxePresdXG4=
github.com/atomic-repos/wowchemy-widget-atomic-repos v0.0.0-20220313224950-b8f7025b6ee3/go.mod h1:XNIVAPbfSLmVY9eCeSGrP4LOMyhoMDHowwdSUvF8dgM=
github.com/wowchemy/wowchemy-hugo-modules/wowchemy-cms/v5 v5.0.0-20220313124820-c0d0690a83dc h1:8Bqeu20xj2mQ3TYzMBt+nwvbm4XN0lupQG6ChhM1AOM=
github.com/wowchemy/wowchemy-hugo-modules/wowchemy-cms/v5 v5.0.0-20220313124820-c0d0690a83dc/go.mod h1:Sp/AKo+2HAPi/IPHp1MEdKPmee+mzO5+efUBUPLPqPE=
github.com/wowchemy/wowchemy-hugo-modules/wowchemy/v5 v5.0.0-20220313124820-c0d0690a83dc h1:k6Vy9lApTDs/3b3HO1yv0tiUXuVIkkHU0CAK+AYZqZs=
github.com/wowchemy/wowchemy-hugo-modules/wowchemy/v5 v5.0.0-20220313124820-c0d0690a83dc/go.mod h1:2iL9rdrUYyJXX2BeHKfK+QbqZlubCsaR60nQ87NRQTY=
